
Microsoft Visual Studio Solution File, Format Version 12.00
# Visual Studio Version 17
VisualStudioVersion = 17.0.31903.59
MinimumVisualStudioVersion = 10.0.40219.1
Project("{2150E333-8FDC-42A3-9474-1A3956D46DE8}") = "src", "src", "{827E0CD3-B72D-47B6-A68D-7590B98EB39B}"
EndProject
Project("{2150E333-8FDC-42A3-9474-1A3956D46DE8}") = "api", "api", "{81034408-37C8-1011-444E-4C15C2FADA8E}"
EndProject
Project("{FAE04EC0-301F-11D3-BF4B-00C04F79EFBC}") = "JTLTaskMaster.Api", "src\api\JTLTaskMaster.Api\JTLTaskMaster.Api.csproj", "{62AD0507-76B0-4D95-8521-8A04AD6933FD}"
EndProject
Project("{FAE04EC0-301F-11D3-BF4B-00C04F79EFBC}") = "JTLTaskMaster.Application", "src\api\JTLTaskMaster.Application\JTLTaskMaster.Application.csproj", "{27E47463-EDE5-466B-9480-AC954BC9C487}"
EndProject
Project("{FAE04EC0-301F-11D3-BF4B-00C04F79EFBC}") = "JTLTaskMaster.Domain", "src\api\JTLTaskMaster.Domain\JTLTaskMaster.Domain.csproj", "{13720A09-E558-437E-92D5-C0F3627E983E}"
EndProject
Project("{FAE04EC0-301F-11D3-BF4B-00C04F79EFBC}") = "JTLTaskMaster.Infrastructure", "src\api\JTLTaskMaster.Infrastructure\JTLTaskMaster.Infrastructure.csproj", "{2B661E85-09AC-4D22-BF9D-5F65CEF2709D}"
EndProject
Project("{FAE04EC0-301F-11D3-BF4B-00C04F79EFBC}") = "JTLTaskMaster.Persistence", "src\api\JTLTaskMaster.Persistence\JTLTaskMaster.Persistence.csproj", "{1636CD42-74EC-4836-96CB-9BCC6B20F249}"
EndProject
Project("{2150E333-8FDC-42A3-9474-1A3956D46DE8}") = "agent", "agent", "{096B6098-F141-7114-B090-72D1899D8853}"
EndProject
Project("{FAE04EC0-301F-11D3-BF4B-00C04F79EFBC}") = "JTLTaskMaster.Agent", "src\agent\JTLTaskMaster.Agent\JTLTaskMaster.Agent.csproj", "{491792A9-2BC0-46AF-9FB8-27E2A1EEA77A}"
EndProject
Project("{2150E333-8FDC-42A3-9474-1A3956D46DE8}") = "worker", "worker", "{89BA21D6-604E-9DA1-5F6C-9062FD58212E}"
EndProject
Project("{FAE04EC0-301F-11D3-BF4B-00C04F79EFBC}") = "JTLTaskMaster.Worker", "src\worker\JTLTaskMaster.Worker\JTLTaskMaster.Worker.csproj", "{11865770-E6FB-4899-B1B9-DCA3049FC86E}"
EndProject
Project("{FAE04EC0-301F-11D3-BF4B-00C04F79EFBC}") = "JTLTaskMaster.Worker.JobProcessor", "src\worker\JTLTaskMaster.Worker.JobProcessor\JTLTaskMaster.Worker.JobProcessor.csproj", "{6813BA2D-A28E-4784-896A-6088F459A52A}"
EndProject
Project("{2150E333-8FDC-42A3-9474-1A3956D46DE8}") = "shared", "shared", "{C8E42992-5E42-0C2B-DBFE-AA848D06431C}"
EndProject
Project("{FAE04EC0-301F-11D3-BF4B-00C04F79EFBC}") = "JTLTaskMaster.Shared", "src\shared\JTLTaskMaster.Shared\JTLTaskMaster.Shared.csproj", "{E7492E66-1AF6-413D-A66B-B369AE21A295}"
EndProject
Project("{2150E333-8FDC-42A3-9474-1A3956D46DE8}") = "tests", "tests", "{0AB3BF05-4346-4AA6-1389-037BE0695223}"
EndProject
Project("{FAE04EC0-301F-11D3-BF4B-00C04F79EFBC}") = "JTLTaskMaster.Tests", "tests\JTLTaskMaster.Tests\JTLTaskMaster.Tests.csproj", "{978F443F-2473-489C-86E6-E8C77F05F080}"
EndProject
Project("{FAE04EC0-301F-11D3-BF4B-00C04F79EFBC}") = "JTLTaskMaster.Shared.Models", "src\shared\JTLTaskMaster.Shared.Models\JTLTaskMaster.Shared.Models.csproj", "{73831EC3-6F28-4D9B-B226-129E73EBAD98}"
EndProject
Project("{FAE04EC0-301F-11D3-BF4B-00C04F79EFBC}") = "JTLTaskMaster.Application.UnitTests", "tests\JTLTaskMaster.Application.UnitTests\JTLTaskMaster.Application.UnitTests.csproj", "{55343062-93BC-47EE-B765-82B8DA1232B2}"
EndProject
Global
	GlobalSection(SolutionConfigurationPlatforms) = preSolution
		Debug|Any CPU = Debug|Any CPU
		Debug|x64 = Debug|x64
		Debug|x86 = Debug|x86
		Release|Any CPU = Release|Any CPU
		Release|x64 = Release|x64
		Release|x86 = Release|x86
	EndGlobalSection
	GlobalSection(ProjectConfigurationPlatforms) = postSolution
		{62AD0507-76B0-4D95-8521-8A04AD6933FD}.Debug|Any CPU.ActiveCfg = Debug|Any CPU
		{62AD0507-76B0-4D95-8521-8A04AD6933FD}.Debug|Any CPU.Build.0 = Debug|Any CPU
		{62AD0507-76B0-4D95-8521-8A04AD6933FD}.Debug|x64.ActiveCfg = Debug|Any CPU
		{62AD0507-76B0-4D95-8521-8A04AD6933FD}.Debug|x64.Build.0 = Debug|Any CPU
		{62AD0507-76B0-4D95-8521-8A04AD6933FD}.Debug|x86.ActiveCfg = Debug|Any CPU
		{62AD0507-76B0-4D95-8521-8A04AD6933FD}.Debug|x86.Build.0 = Debug|Any CPU
		{62AD0507-76B0-4D95-8521-8A04AD6933FD}.Release|Any CPU.ActiveCfg = Release|Any CPU
		{62AD0507-76B0-4D95-8521-8A04AD6933FD}.Release|Any CPU.Build.0 = Release|Any CPU
		{62AD0507-76B0-4D95-8521-8A04AD6933FD}.Release|x64.ActiveCfg = Release|Any CPU
		{62AD0507-76B0-4D95-8521-8A04AD6933FD}.Release|x64.Build.0 = Release|Any CPU
		{62AD0507-76B0-4D95-8521-8A04AD6933FD}.Release|x86.ActiveCfg = Release|Any CPU
		{62AD0507-76B0-4D95-8521-8A04AD6933FD}.Release|x86.Build.0 = Release|Any CPU
		{27E47463-EDE5-466B-9480-AC954BC9C487}.Debug|Any CPU.ActiveCfg = Debug|Any CPU
		{27E47463-EDE5-466B-9480-AC954BC9C487}.Debug|Any CPU.Build.0 = Debug|Any CPU
		{27E47463-EDE5-466B-9480-AC954BC9C487}.Debug|x64.ActiveCfg = Debug|Any CPU
		{27E47463-EDE5-466B-9480-AC954BC9C487}.Debug|x64.Build.0 = Debug|Any CPU
		{27E47463-EDE5-466B-9480-AC954BC9C487}.Debug|x86.ActiveCfg = Debug|Any CPU
		{27E47463-EDE5-466B-9480-AC954BC9C487}.Debug|x86.Build.0 = Debug|Any CPU
		{27E47463-EDE5-466B-9480-AC954BC9C487}.Release|Any CPU.ActiveCfg = Release|Any CPU
		{27E47463-EDE5-466B-9480-AC954BC9C487}.Release|Any CPU.Build.0 = Release|Any CPU
		{27E47463-EDE5-466B-9480-AC954BC9C487}.Release|x64.ActiveCfg = Release|Any CPU
		{27E47463-EDE5-466B-9480-AC954BC9C487}.Release|x64.Build.0 = Release|Any CPU
		{27E47463-EDE5-466B-9480-AC954BC9C487}.Release|x86.ActiveCfg = Release|Any CPU
		{27E47463-EDE5-466B-9480-AC954BC9C487}.Release|x86.Build.0 = Release|Any CPU
		{13720A09-E558-437E-92D5-C0F3627E983E}.Debug|Any CPU.ActiveCfg = Debug|Any CPU
		{13720A09-E558-437E-92D5-C0F3627E983E}.Debug|Any CPU.Build.0 = Debug|Any CPU
		{13720A09-E558-437E-92D5-C0F3627E983E}.Debug|x64.ActiveCfg = Debug|Any CPU
		{13720A09-E558-437E-92D5-C0F3627E983E}.Debug|x64.Build.0 = Debug|Any CPU
		{13720A09-E558-437E-92D5-C0F3627E983E}.Debug|x86.ActiveCfg = Debug|Any CPU
		{13720A09-E558-437E-92D5-C0F3627E983E}.Debug|x86.Build.0 = Debug|Any CPU
		{13720A09-E558-437E-92D5-C0F3627E983E}.Release|Any CPU.ActiveCfg = Release|Any CPU
		{13720A09-E558-437E-92D5-C0F3627E983E}.Release|Any CPU.Build.0 = Release|Any CPU
		{13720A09-E558-437E-92D5-C0F3627E983E}.Release|x64.ActiveCfg = Release|Any CPU
		{13720A09-E558-437E-92D5-C0F3627E983E}.Release|x64.Build.0 = Release|Any CPU
		{13720A09-E558-437E-92D5-C0F3627E983E}.Release|x86.ActiveCfg = Release|Any CPU
		{13720A09-E558-437E-92D5-C0F3627E983E}.Release|x86.Build.0 = Release|Any CPU
		{2B661E85-09AC-4D22-BF9D-5F65CEF2709D}.Debug|Any CPU.ActiveCfg = Debug|Any CPU
		{2B661E85-09AC-4D22-BF9D-5F65CEF2709D}.Debug|Any CPU.Build.0 = Debug|Any CPU
		{2B661E85-09AC-4D22-BF9D-5F65CEF2709D}.Debug|x64.ActiveCfg = Debug|Any CPU
		{2B661E85-09AC-4D22-BF9D-5F65CEF2709D}.Debug|x64.Build.0 = Debug|Any CPU
		{2B661E85-09AC-4D22-BF9D-5F65CEF2709D}.Debug|x86.ActiveCfg = Debug|Any CPU
		{2B661E85-09AC-4D22-BF9D-5F65CEF2709D}.Debug|x86.Build.0 = Debug|Any CPU
		{2B661E85-09AC-4D22-BF9D-5F65CEF2709D}.Release|Any CPU.ActiveCfg = Release|Any CPU
		{2B661E85-09AC-4D22-BF9D-5F65CEF2709D}.Release|Any CPU.Build.0 = Release|Any CPU
		{2B661E85-09AC-4D22-BF9D-5F65CEF2709D}.Release|x64.ActiveCfg = Release|Any CPU
		{2B661E85-09AC-4D22-BF9D-5F65CEF2709D}.Release|x64.Build.0 = Release|Any CPU
		{2B661E85-09AC-4D22-BF9D-5F65CEF2709D}.Release|x86.ActiveCfg = Release|Any CPU
		{2B661E85-09AC-4D22-BF9D-5F65CEF2709D}.Release|x86.Build.0 = Release|Any CPU
		{1636CD42-74EC-4836-96CB-9BCC6B20F249}.Debug|Any CPU.ActiveCfg = Debug|Any CPU
		{1636CD42-74EC-4836-96CB-9BCC6B20F249}.Debug|Any CPU.Build.0 = Debug|Any CPU
		{1636CD42-74EC-4836-96CB-9BCC6B20F249}.Debug|x64.ActiveCfg = Debug|Any CPU
		{1636CD42-74EC-4836-96CB-9BCC6B20F249}.Debug|x64.Build.0 = Debug|Any CPU
		{1636CD42-74EC-4836-96CB-9BCC6B20F249}.Debug|x86.ActiveCfg = Debug|Any CPU
		{1636CD42-74EC-4836-96CB-9BCC6B20F249}.Debug|x86.Build.0 = Debug|Any CPU
		{1636CD42-74EC-4836-96CB-9BCC6B20F249}.Release|Any CPU.ActiveCfg = Release|Any CPU
		{1636CD42-74EC-4836-96CB-9BCC6B20F249}.Release|Any CPU.Build.0 = Release|Any CPU
		{1636CD42-74EC-4836-96CB-9BCC6B20F249}.Release|x64.ActiveCfg = Release|Any CPU
		{1636CD42-74EC-4836-96CB-9BCC6B20F249}.Release|x64.Build.0 = Release|Any CPU
		{1636CD42-74EC-4836-96CB-9BCC6B20F249}.Release|x86.ActiveCfg = Release|Any CPU
		{1636CD42-74EC-4836-96CB-9BCC6B20F249}.Release|x86.Build.0 = Release|Any CPU
		{491792A9-2BC0-46AF-9FB8-27E2A1EEA77A}.Debug|Any CPU.ActiveCfg = Debug|Any CPU
		{491792A9-2BC0-46AF-9FB8-27E2A1EEA77A}.Debug|Any CPU.Build.0 = Debug|Any CPU
		{491792A9-2BC0-46AF-9FB8-27E2A1EEA77A}.Debug|x64.ActiveCfg = Debug|Any CPU
		{491792A9-2BC0-46AF-9FB8-27E2A1EEA77A}.Debug|x64.Build.0 = Debug|Any CPU
		{491792A9-2BC0-46AF-9FB8-27E2A1EEA77A}.Debug|x86.ActiveCfg = Debug|Any CPU
		{491792A9-2BC0-46AF-9FB8-27E2A1EEA77A}.Debug|x86.Build.0 = Debug|Any CPU
		{491792A9-2BC0-46AF-9FB8-27E2A1EEA77A}.Release|Any CPU.ActiveCfg = Release|Any CPU
		{491792A9-2BC0-46AF-9FB8-27E2A1EEA77A}.Release|Any CPU.Build.0 = Release|Any CPU
		{491792A9-2BC0-46AF-9FB8-27E2A1EEA77A}.Release|x64.ActiveCfg = Release|Any CPU
		{491792A9-2BC0-46AF-9FB8-27E2A1EEA77A}.Release|x64.Build.0 = Release|Any CPU
		{491792A9-2BC0-46AF-9FB8-27E2A1EEA77A}.Release|x86.ActiveCfg = Release|Any CPU
		{491792A9-2BC0-46AF-9FB8-27E2A1EEA77A}.Release|x86.Build.0 = Release|Any CPU
		{11865770-E6FB-4899-B1B9-DCA3049FC86E}.Debug|Any CPU.ActiveCfg = Debug|Any CPU
		{11865770-E6FB-4899-B1B9-DCA3049FC86E}.Debug|Any CPU.Build.0 = Debug|Any CPU
		{11865770-E6FB-4899-B1B9-DCA3049FC86E}.Debug|x64.ActiveCfg = Debug|Any CPU
		{11865770-E6FB-4899-B1B9-DCA3049FC86E}.Debug|x64.Build.0 = Debug|Any CPU
		{11865770-E6FB-4899-B1B9-DCA3049FC86E}.Debug|x86.ActiveCfg = Debug|Any CPU
		{11865770-E6FB-4899-B1B9-DCA3049FC86E}.Debug|x86.Build.0 = Debug|Any CPU
		{11865770-E6FB-4899-B1B9-DCA3049FC86E}.Release|Any CPU.ActiveCfg = Release|Any CPU
		{11865770-E6FB-4899-B1B9-DCA3049FC86E}.Release|Any CPU.Build.0 = Release|Any CPU
		{11865770-E6FB-4899-B1B9-DCA3049FC86E}.Release|x64.ActiveCfg = Release|Any CPU
		{11865770-E6FB-4899-B1B9-DCA3049FC86E}.Release|x64.Build.0 = Release|Any CPU
		{11865770-E6FB-4899-B1B9-DCA3049FC86E}.Release|x86.ActiveCfg = Release|Any CPU
		{11865770-E6FB-4899-B1B9-DCA3049FC86E}.Release|x86.Build.0 = Release|Any CPU
		{6813BA2D-A28E-4784-896A-6088F459A52A}.Debug|Any CPU.ActiveCfg = Debug|Any CPU
		{6813BA2D-A28E-4784-896A-6088F459A52A}.Debug|Any CPU.Build.0 = Debug|Any CPU
		{6813BA2D-A28E-4784-896A-6088F459A52A}.Debug|x64.ActiveCfg = Debug|Any CPU
		{6813BA2D-A28E-4784-896A-6088F459A52A}.Debug|x64.Build.0 = Debug|Any CPU
		{6813BA2D-A28E-4784-896A-6088F459A52A}.Debug|x86.ActiveCfg = Debug|Any CPU
		{6813BA2D-A28E-4784-896A-6088F459A52A}.Debug|x86.Build.0 = Debug|Any CPU
		{6813BA2D-A28E-4784-896A-6088F459A52A}.Release|Any CPU.ActiveCfg = Release|Any CPU
		{6813BA2D-A28E-4784-896A-6088F459A52A}.Release|Any CPU.Build.0 = Release|Any CPU
		{6813BA2D-A28E-4784-896A-6088F459A52A}.Release|x64.ActiveCfg = Release|Any CPU
		{6813BA2D-A28E-4784-896A-6088F459A52A}.Release|x64.Build.0 = Release|Any CPU
		{6813BA2D-A28E-4784-896A-6088F459A52A}.Release|x86.ActiveCfg = Release|Any CPU
		{6813BA2D-A28E-4784-896A-6088F459A52A}.Release|x86.Build.0 = Release|Any CPU
		{E7492E66-1AF6-413D-A66B-B369AE21A295}.Debug|Any CPU.ActiveCfg = Debug|Any CPU
		{E7492E66-1AF6-413D-A66B-B369AE21A295}.Debug|Any CPU.Build.0 = Debug|Any CPU
		{E7492E66-1AF6-413D-A66B-B369AE21A295}.Debug|x64.ActiveCfg = Debug|Any CPU
		{E7492E66-1AF6-413D-A66B-B369AE21A295}.Debug|x64.Build.0 = Debug|Any CPU
		{E7492E66-1AF6-413D-A66B-B369AE21A295}.Debug|x86.ActiveCfg = Debug|Any CPU
		{E7492E66-1AF6-413D-A66B-B369AE21A295}.Debug|x86.Build.0 = Debug|Any CPU
		{E7492E66-1AF6-413D-A66B-B369AE21A295}.Release|Any CPU.ActiveCfg = Release|Any CPU
		{E7492E66-1AF6-413D-A66B-B369AE21A295}.Release|Any CPU.Build.0 = Release|Any CPU
		{E7492E66-1AF6-413D-A66B-B369AE21A295}.Release|x64.ActiveCfg = Release|Any CPU
		{E7492E66-1AF6-413D-A66B-B369AE21A295}.Release|x64.Build.0 = Release|Any CPU
		{E7492E66-1AF6-413D-A66B-B369AE21A295}.Release|x86.ActiveCfg = Release|Any CPU
		{E7492E66-1AF6-413D-A66B-B369AE21A295}.Release|x86.Build.0 = Release|Any CPU
		{978F443F-2473-489C-86E6-E8C77F05F080}.Debug|Any CPU.ActiveCfg = Debug|Any CPU
		{978F443F-2473-489C-86E6-E8C77F05F080}.Debug|Any CPU.Build.0 = Debug|Any CPU
		{978F443F-2473-489C-86E6-E8C77F05F080}.Debug|x64.ActiveCfg = Debug|Any CPU
		{978F443F-2473-489C-86E6-E8C77F05F080}.Debug|x64.Build.0 = Debug|Any CPU
		{978F443F-2473-489C-86E6-E8C77F05F080}.Debug|x86.ActiveCfg = Debug|Any CPU
		{978F443F-2473-489C-86E6-E8C77F05F080}.Debug|x86.Build.0 = Debug|Any CPU
		{978F443F-2473-489C-86E6-E8C77F05F080}.Release|Any CPU.ActiveCfg = Release|Any CPU
		{978F443F-2473-489C-86E6-E8C77F05F080}.Release|Any CPU.Build.0 = Release|Any CPU
		{978F443F-2473-489C-86E6-E8C77F05F080}.Release|x64.ActiveCfg = Release|Any CPU
		{978F443F-2473-489C-86E6-E8C77F05F080}.Release|x64.Build.0 = Release|Any CPU
		{978F443F-2473-489C-86E6-E8C77F05F080}.Release|x86.ActiveCfg = Release|Any CPU
		{978F443F-2473-489C-86E6-E8C77F05F080}.Release|x86.Build.0 = Release|Any CPU
		{73831EC3-6F28-4D9B-B226-129E73EBAD98}.Debug|Any CPU.ActiveCfg = Debug|Any CPU
		{73831EC3-6F28-4D9B-B226-129E73EBAD98}.Debug|Any CPU.Build.0 = Debug|Any CPU
		{73831EC3-6F28-4D9B-B226-129E73EBAD98}.Debug|x64.ActiveCfg = Debug|Any CPU
		{73831EC3-6F28-4D9B-B226-129E73EBAD98}.Debug|x64.Build.0 = Debug|Any CPU
		{73831EC3-6F28-4D9B-B226-129E73EBAD98}.Debug|x86.ActiveCfg = Debug|Any CPU
		{73831EC3-6F28-4D9B-B226-129E73EBAD98}.Debug|x86.Build.0 = Debug|Any CPU
		{73831EC3-6F28-4D9B-B226-129E73EBAD98}.Release|Any CPU.ActiveCfg = Release|Any CPU
		{73831EC3-6F28-4D9B-B226-129E73EBAD98}.Release|Any CPU.Build.0 = Release|Any CPU
		{73831EC3-6F28-4D9B-B226-129E73EBAD98}.Release|x64.ActiveCfg = Release|Any CPU
		{73831EC3-6F28-4D9B-B226-129E73EBAD98}.Release|x64.Build.0 = Release|Any CPU
		{73831EC3-6F28-4D9B-B226-129E73EBAD98}.Release|x86.ActiveCfg = Release|Any CPU
		{73831EC3-6F28-4D9B-B226-129E73EBAD98}.Release|x86.Build.0 = Release|Any CPU
		{55343062-93BC-47EE-B765-82B8DA1232B2}.Debug|Any CPU.ActiveCfg = Debug|Any CPU
		{55343062-93BC-47EE-B765-82B8DA1232B2}.Debug|Any CPU.Build.0 = Debug|Any CPU
		{55343062-93BC-47EE-B765-82B8DA1232B2}.Debug|x64.ActiveCfg = Debug|Any CPU
		{55343062-93BC-47EE-B765-82B8DA1232B2}.Debug|x64.Build.0 = Debug|Any CPU
		{55343062-93BC-47EE-B765-82B8DA1232B2}.Debug|x86.ActiveCfg = Debug|Any CPU
		{55343062-93BC-47EE-B765-82B8DA1232B2}.Debug|x86.Build.0 = Debug|Any CPU
		{55343062-93BC-47EE-B765-82B8DA1232B2}.Release|Any CPU.ActiveCfg = Release|Any CPU
		{55343062-93BC-47EE-B765-82B8DA1232B2}.Release|Any CPU.Build.0 = Release|Any CPU
		{55343062-93BC-47EE-B765-82B8DA1232B2}.Release|x64.ActiveCfg = Release|Any CPU
		{55343062-93BC-47EE-B765-82B8DA1232B2}.Release|x64.Build.0 = Release|Any CPU
		{55343062-93BC-47EE-B765-82B8DA1232B2}.Release|x86.ActiveCfg = Release|Any CPU
		{55343062-93BC-47EE-B765-82B8DA1232B2}.Release|x86.Build.0 = Release|Any CPU
	EndGlobalSection
	GlobalSection(SolutionProperties) = preSolution
		HideSolutionNode = FALSE
	EndGlobalSection
	GlobalSection(NestedProjects) = preSolution
		{81034408-37C8-1011-444E-4C15C2FADA8E} = {827E0CD3-B72D-47B6-A68D-7590B98EB39B}
		{62AD0507-76B0-4D95-8521-8A04AD6933FD} = {81034408-37C8-1011-444E-4C15C2FADA8E}
		{27E47463-EDE5-466B-9480-AC954BC9C487} = {81034408-37C8-1011-444E-4C15C2FADA8E}
		{13720A09-E558-437E-92D5-C0F3627E983E} = {81034408-37C8-1011-444E-4C15C2FADA8E}
		{2B661E85-09AC-4D22-BF9D-5F65CEF2709D} = {81034408-37C8-1011-444E-4C15C2FADA8E}
		{1636CD42-74EC-4836-96CB-9BCC6B20F249} = {81034408-37C8-1011-444E-4C15C2FADA8E}
		{096B6098-F141-7114-B090-72D1899D8853} = {827E0CD3-B72D-47B6-A68D-7590B98EB39B}
		{491792A9-2BC0-46AF-9FB8-27E2A1EEA77A} = {096B6098-F141-7114-B090-72D1899D8853}
		{89BA21D6-604E-9DA1-5F6C-9062FD58212E} = {827E0CD3-B72D-47B6-A68D-7590B98EB39B}
		{11865770-E6FB-4899-B1B9-DCA3049FC86E} = {89BA21D6-604E-9DA1-5F6C-9062FD58212E}
		{6813BA2D-A28E-4784-896A-6088F459A52A} = {89BA21D6-604E-9DA1-5F6C-9062FD58212E}
		{C8E42992-5E42-0C2B-DBFE-AA848D06431C} = {827E0CD3-B72D-47B6-A68D-7590B98EB39B}
		{E7492E66-1AF6-413D-A66B-B369AE21A295} = {C8E42992-5E42-0C2B-DBFE-AA848D06431C}
		{978F443F-2473-489C-86E6-E8C77F05F080} = {0AB3BF05-4346-4AA6-1389-037BE0695223}
		{73831EC3-6F28-4D9B-B226-129E73EBAD98} = {C8E42992-5E42-0C2B-DBFE-AA848D06431C}
		{55343062-93BC-47EE-B765-82B8DA1232B2} = {0AB3BF05-4346-4AA6-1389-037BE0695223}
	EndGlobalSection
EndGlobal
